
Microsoft Visual Studio Solution File, Format Version 12.00
# Visual Studio Version 17
VisualStudioVersion = 17.5.002.0
MinimumVisualStudioVersion = 10.0.40219.1
Project("{9A19103F-16F7-4668-BE54-9A1E7A4F7556}") = "homework1", "homework1\homework1.csproj", "{3E8878AF-B2DB-43F2-A3C9-24F37971C570}"
EndProject
Project("{9A19103F-16F7-4668-BE54-9A1E7A4F7556}") = "homework2", "homework2\homework2.csproj", "{8E373569-6AFD-470B-B8EA-ABADF8917DE1}"
EndProject
Project("{9A19103F-16F7-4668-BE54-9A1E7A4F7556}") = "homework3", "homework3\homework3.csproj", "{F49CFB9F-46B7-4454-A6A8-4ED248036C3C}"
EndProject
Global
	GlobalSection(SolutionConfigurationPlatforms) = preSolution
		Debug|Any CPU = Debug|Any CPU
		Release|Any CPU = Release|Any CPU
	EndGlobalSection
	GlobalSection(ProjectConfigurationPlatforms) = postSolution
		{3E8878AF-B2DB-43F2-A3C9-24F37971C570}.Debug|Any CPU.ActiveCfg = Debug|Any CPU
		{3E8878AF-B2DB-43F2-A3C9-24F37971C570}.Debug|Any CPU.Build.0 = Debug|Any CPU
		{3E8878AF-B2DB-43F2-A3C9-24F37971C570}.Release|Any CPU.ActiveCfg = Release|Any CPU
		{3E8878AF-B2DB-43F2-A3C9-24F37971C570}.Release|Any CPU.Build.0 = Release|Any CPU
		{8E373569-6AFD-470B-B8EA-ABADF8917DE1}.Debug|Any CPU.ActiveCfg = Debug|Any CPU
		{8E373569-6AFD-470B-B8EA-ABADF8917DE1}.Debug|Any CPU.Build.0 = Debug|Any CPU
		{8E373569-6AFD-470B-B8EA-ABADF8917DE1}.Release|Any CPU.ActiveCfg = Release|Any CPU
		{8E373569-6AFD-470B-B8EA-ABADF8917DE1}.Release|Any CPU.Build.0 = Release|Any CPU
		{F49CFB9F-46B7-4454-A6A8-4ED248036C3C}.Debug|Any CPU.ActiveCfg = Debug|Any CPU
		{F49CFB9F-46B7-4454-A6A8-4ED248036C3C}.Debug|Any CPU.Build.0 = Debug|Any CPU
		{F49CFB9F-46B7-4454-A6A8-4ED248036C3C}.Release|Any CPU.ActiveCfg = Release|Any CPU
		{F49CFB9F-46B7-4454-A6A8-4ED248036C3C}.Release|Any CPU.Build.0 = Release|Any CPU
	EndGlobalSection
	GlobalSection(SolutionProperties) = preSolution
		HideSolutionNode = FALSE
	EndGlobalSection
	GlobalSection(ExtensibilityGlobals) = postSolution
		SolutionGuid = {123ACED8-032D-484E-9A2E-C16DE5679D1D}
	EndGlobalSection
EndGlobal
